
Microsoft Visual Studio Solution File, Format Version 12.00
# Visual Studio Version 17
VisualStudioVersion = 17.0.31903.59
MinimumVisualStudioVersion = 10.0.40219.1
Project("{FAE04EC0-301F-11D3-BF4B-00C04F79EFBC}") = "BHMS.CORE", "BHMS.CORE\BHMS.CORE.csproj", "{CC4E3374-2A7A-4EC4-8FF9-2FDE71CE38E8}"
EndProject
Project("{FAE04EC0-301F-11D3-BF4B-00C04F79EFBC}") = "BHMS.InMemory", "BHMS.InMemory\BHMS.InMemory.csproj", "{B876F015-F78C-4C17-865A-79AB56917215}"
EndProject
Project("{FAE04EC0-301F-11D3-BF4B-00C04F79EFBC}") = "BHMS.SQL", "BHMS.SQL\BHMS.SQL.csproj", "{A5184E7F-6D14-4EB0-B883-33DA50BF8A4D}"
EndProject
Project("{FAE04EC0-301F-11D3-BF4B-00C04F79EFBC}") = "BHMS", "BHMS\BHMS.csproj", "{8293945A-A8BA-490D-993C-634D3F777F74}"
	ProjectSection(ProjectDependencies) = postProject
		{B876F015-F78C-4C17-865A-79AB56917215} = {B876F015-F78C-4C17-865A-79AB56917215}
		{CC4E3374-2A7A-4EC4-8FF9-2FDE71CE38E8} = {CC4E3374-2A7A-4EC4-8FF9-2FDE71CE38E8}
		{A5184E7F-6D14-4EB0-B883-33DA50BF8A4D} = {A5184E7F-6D14-4EB0-B883-33DA50BF8A4D}
	EndProjectSection
EndProject
Global
	GlobalSection(SolutionConfigurationPlatforms) = preSolution
		Debug|Any CPU = Debug|Any CPU
		Release|Any CPU = Release|Any CPU
	EndGlobalSection
	GlobalSection(ProjectConfigurationPlatforms) = postSolution
		{CC4E3374-2A7A-4EC4-8FF9-2FDE71CE38E8}.Debug|Any CPU.ActiveCfg = Debug|Any CPU
		{CC4E3374-2A7A-4EC4-8FF9-2FDE71CE38E8}.Debug|Any CPU.Build.0 = Debug|Any CPU
		{CC4E3374-2A7A-4EC4-8FF9-2FDE71CE38E8}.Release|Any CPU.ActiveCfg = Release|Any CPU
		{CC4E3374-2A7A-4EC4-8FF9-2FDE71CE38E8}.Release|Any CPU.Build.0 = Release|Any CPU
		{B876F015-F78C-4C17-865A-79AB56917215}.Debug|Any CPU.ActiveCfg = Debug|Any CPU
		{B876F015-F78C-4C17-865A-79AB56917215}.Debug|Any CPU.Build.0 = Debug|Any CPU
		{B876F015-F78C-4C17-865A-79AB56917215}.Release|Any CPU.ActiveCfg = Release|Any CPU
		{B876F015-F78C-4C17-865A-79AB56917215}.Release|Any CPU.Build.0 = Release|Any CPU
		{A5184E7F-6D14-4EB0-B883-33DA50BF8A4D}.Debug|Any CPU.ActiveCfg = Debug|Any CPU
		{A5184E7F-6D14-4EB0-B883-33DA50BF8A4D}.Debug|Any CPU.Build.0 = Debug|Any CPU
		{A5184E7F-6D14-4EB0-B883-33DA50BF8A4D}.Release|Any CPU.ActiveCfg = Release|Any CPU
		{A5184E7F-6D14-4EB0-B883-33DA50BF8A4D}.Release|Any CPU.Build.0 = Release|Any CPU
		{8293945A-A8BA-490D-993C-634D3F777F74}.Debug|Any CPU.ActiveCfg = Debug|Any CPU
		{8293945A-A8BA-490D-993C-634D3F777F74}.Debug|Any CPU.Build.0 = Debug|Any CPU
		{8293945A-A8BA-490D-993C-634D3F777F74}.Release|Any CPU.ActiveCfg = Release|Any CPU
		{8293945A-A8BA-490D-993C-634D3F777F74}.Release|Any CPU.Build.0 = Release|Any CPU
	EndGlobalSection
	GlobalSection(SolutionProperties) = preSolution
		HideSolutionNode = FALSE
	EndGlobalSection
	GlobalSection(ExtensibilityGlobals) = postSolution
		SolutionGuid = {1B08F049-47B8-4189-9A18-2756D9EDD437}
	EndGlobalSection
EndGlobal
