
Microsoft Visual Studio Solution File, Format Version 12.00
# Visual Studio Version 16
VisualStudioVersion = 16.0.31424.327
MinimumVisualStudioVersion = 10.0.40219.1
Project("{FAE04EC0-301F-11D3-BF4B-00C04F79EFBC}") = "BHMS", "BHMS\BHMS.csproj", "{A0858FB2-41C6-4325-9EF7-7268FAB165B5}"
EndProject
Project("{FAE04EC0-301F-11D3-BF4B-00C04F79EFBC}") = "DataLibrary", "DataLibrary\DataLibrary.csproj", "{1F849B77-2BEF-4A63-A83B-75CE1797AF15}"
EndProject
Project("{00D1A9C2-B5F0-4AF3-8072-F6C62B433612}") = "BHMSDB", "BHMSDB\BHMSDB.sqlproj", "{587016E3-9477-40E7-B5D1-140EA70D2259}"
EndProject
Global
	GlobalSection(SolutionConfigurationPlatforms) = preSolution
		Debug|Any CPU = Debug|Any CPU
		Release|Any CPU = Release|Any CPU
	EndGlobalSection
	GlobalSection(ProjectConfigurationPlatforms) = postSolution
		{A0858FB2-41C6-4325-9EF7-7268FAB165B5}.Debug|Any CPU.ActiveCfg = Debug|Any CPU
		{A0858FB2-41C6-4325-9EF7-7268FAB165B5}.Debug|Any CPU.Build.0 = Debug|Any CPU
		{A0858FB2-41C6-4325-9EF7-7268FAB165B5}.Release|Any CPU.ActiveCfg = Release|Any CPU
		{A0858FB2-41C6-4325-9EF7-7268FAB165B5}.Release|Any CPU.Build.0 = Release|Any CPU
		{1F849B77-2BEF-4A63-A83B-75CE1797AF15}.Debug|Any CPU.ActiveCfg = Debug|Any CPU
		{1F849B77-2BEF-4A63-A83B-75CE1797AF15}.Debug|Any CPU.Build.0 = Debug|Any CPU
		{1F849B77-2BEF-4A63-A83B-75CE1797AF15}.Release|Any CPU.ActiveCfg = Release|Any CPU
		{1F849B77-2BEF-4A63-A83B-75CE1797AF15}.Release|Any CPU.Build.0 = Release|Any CPU
		{587016E3-9477-40E7-B5D1-140EA70D2259}.Debug|Any CPU.ActiveCfg = Debug|Any CPU
		{587016E3-9477-40E7-B5D1-140EA70D2259}.Debug|Any CPU.Build.0 = Debug|Any CPU
		{587016E3-9477-40E7-B5D1-140EA70D2259}.Debug|Any CPU.Deploy.0 = Debug|Any CPU
		{587016E3-9477-40E7-B5D1-140EA70D2259}.Release|Any CPU.ActiveCfg = Release|Any CPU
		{587016E3-9477-40E7-B5D1-140EA70D2259}.Release|Any CPU.Build.0 = Release|Any CPU
		{587016E3-9477-40E7-B5D1-140EA70D2259}.Release|Any CPU.Deploy.0 = Release|Any CPU
	EndGlobalSection
	GlobalSection(SolutionProperties) = preSolution
		HideSolutionNode = FALSE
	EndGlobalSection
	GlobalSection(ExtensibilityGlobals) = postSolution
		SolutionGuid = {C3D4E9C0-EDCD-458F-88F0-ACFC31531E5C}
	EndGlobalSection
EndGlobal
