
Microsoft Visual Studio Solution File, Format Version 12.00
# Visual Studio Version 17
VisualStudioVersion = 17.0.31912.275
MinimumVisualStudioVersion = 10.0.40219.1
Project("{FAE04EC0-301F-11D3-BF4B-00C04F79EFBC}") = "BHMS", "BHMS\BHMS.csproj", "{8293945A-A8BA-490D-993C-634D3F777F74}"
EndProject
Global
	GlobalSection(SolutionConfigurationPlatforms) = preSolution
		Debug|Any CPU = Debug|Any CPU
		Release|Any CPU = Release|Any CPU
	EndGlobalSection
	GlobalSection(ProjectConfigurationPlatforms) = postSolution
		{8293945A-A8BA-490D-993C-634D3F777F74}.Debug|Any CPU.ActiveCfg = Debug|Any CPU
		{8293945A-A8BA-490D-993C-634D3F777F74}.Debug|Any CPU.Build.0 = Debug|Any CPU
		{8293945A-A8BA-490D-993C-634D3F777F74}.Release|Any CPU.ActiveCfg = Release|Any CPU
		{8293945A-A8BA-490D-993C-634D3F777F74}.Release|Any CPU.Build.0 = Release|Any CPU
	EndGlobalSection
	GlobalSection(SolutionProperties) = preSolution
		HideSolutionNode = FALSE
	EndGlobalSection
	GlobalSection(ExtensibilityGlobals) = postSolution
		SolutionGuid = {D944694A-CD48-4DE2-9907-172309E2B420}
	EndGlobalSection
EndGlobal
